
Microsoft Visual Studio Solution File, Format Version 12.00
# Visual Studio 14
VisualStudioVersion = 14.0.25420.1
MinimumVisualStudioVersion = 10.0.40219.1
Project("{FAE04EC0-301F-11D3-BF4B-00C04F79EFBC}") = "FrontEndToDo", "FrontEndToDo\FrontEndToDo.csproj", "{951E46A6-ED42-4684-9531-26FA2952C517}"
EndProject
Global
	GlobalSection(SolutionConfigurationPlatforms) = preSolution
		Debug|Any CPU = Debug|Any CPU
		Release|Any CPU = Release|Any CPU
	EndGlobalSection
	GlobalSection(ProjectConfigurationPlatforms) = postSolution
		{951E46A6-ED42-4684-9531-26FA2952C517}.Debug|Any CPU.ActiveCfg = Debug|Any CPU
		{951E46A6-ED42-4684-9531-26FA2952C517}.Debug|Any CPU.Build.0 = Debug|Any CPU
		{951E46A6-ED42-4684-9531-26FA2952C517}.Release|Any CPU.ActiveCfg = Release|Any CPU
		{951E46A6-ED42-4684-9531-26FA2952C517}.Release|Any CPU.Build.0 = Release|Any CPU
	EndGlobalSection
	GlobalSection(SolutionProperties) = preSolution
		HideSolutionNode = FALSE
	EndGlobalSection
EndGlobal
